/scratch/indikar_root/indikar1/shared_data/geneformer/anndata/pellin.h5ad
/scratch/indikar_root/indikar1/shared_data/geneformer/resources/tokens.pkl
/scratch/indikar_root/indikar1/shared_data/geneformer/resources/gene_names.pkl
/scratch/indikar_root/indikar1/shared_data/geneformer/resources/medians.pkl
/scratch/indikar_root/indikar1/shared_data/geneformer/resources/token_mapping.csv
/scratch/indikar_root/indikar1/shared_data/geneformer/datasets/iHSC.dataset
/scratch/indikar_root/indikar1/shared_data/geneformer/datasets/pellin.dataset
/scratch/indikar_root/indikar1/shared_data/geneformer/anndata/TS_Blood.h5ad
/scratch/indikar_root/indikar1/shared_data/geneformer/anndata/TS_Bone_Marrow.h5ad
/scratch/indikar_root/indikar1/shared_data/geneformer/anndata/TS_Fat.h5ad
/scratch/indikar_root/indikar1/shared_data/geneformer/anndata/TS_Vasculature.h5ad
/scratch/indikar_root/indikar1/shared_data/geneformer/datasets/TS_Blood.dataset
/scratch/indikar_root/indikar1/shared_data/geneformer/datasets/TS_Bone_Marrow.dataset
/scratch/indikar_root/indikar1/shared_data/geneformer/datasets/TS_Fat.dataset
/scratch/indikar_root/indikar1/shared_data/geneformer/datasets/TS_Vasculature.dataset
/nfs/turbo/umms-indikar/shared/projects/HSC/data/pellin_2019/pellin.anndata.h5ad
/nfs/turbo/umms-indikar/shared/projects/geneformer/token_dictionary.pkl
/nfs/turbo/umms-indikar/shared/projects/geneformer/geneformer/gene_name_id_dict.pkl
/nfs/turbo/umms-indikar/shared/projects/geneformer/geneformer/gene_median_dictionary.pkl
/nfs/turbo/umms-indikar/shared/projects/geneformer/token_mappings.csv
/scratch/indikar_root/indikar1/shared_data/geneformer/anndata/iHSC.h5ad
/scratch/indikar_root/indikar1/cstansbu/HSC/scanpy/clustered.anndata.h5ad
/scratch/indikar_root/indikar1/shared_data/geneformer/anndata/pellin.h5ad
/nfs/turbo/umms-indikar/shared/projects/DGC/data/tabula_sapiens/extract/TS_Blood.h5ad
/scratch/indikar_root/indikar1/shared_data/geneformer/resources/gene_names.pkl
/nfs/turbo/umms-indikar/shared/projects/DGC/data/tabula_sapiens/extract/TS_Bone_Marrow.h5ad
/scratch/indikar_root/indikar1/shared_data/geneformer/resources/gene_names.pkl
/nfs/turbo/umms-indikar/shared/projects/DGC/data/tabula_sapiens/extract/TS_Fat.h5ad
/scratch/indikar_root/indikar1/shared_data/geneformer/resources/gene_names.pkl
/nfs/turbo/umms-indikar/shared/projects/DGC/data/tabula_sapiens/extract/TS_Vasculature.h5ad
/scratch/indikar_root/indikar1/shared_data/geneformer/resources/gene_names.pkl
/scratch/indikar_root/indikar1/shared_data/geneformer/anndata/TS_Blood.h5ad
/scratch/indikar_root/indikar1/shared_data/geneformer/anndata/TS_Bone_Marrow.h5ad
/scratch/indikar_root/indikar1/shared_data/geneformer/anndata/TS_Fat.h5ad
/scratch/indikar_root/indikar1/shared_data/geneformer/anndata/TS_Vasculature.h5ad
