/scratch/indikar_root/indikar1/shared_data/geneformer/anndata/pellin.h5ad
/scratch/indikar_root/indikar1/shared_data/geneformer/resources/tokens.pkl
/scratch/indikar_root/indikar1/shared_data/geneformer/resources/gene_names.pkl
/scratch/indikar_root/indikar1/shared_data/geneformer/resources/medians.pkl
/scratch/indikar_root/indikar1/shared_data/geneformer/resources/token_mapping.csv
/scratch/indikar_root/indikar1/shared_data/geneformer/datasets/iHSC.dataset
/scratch/indikar_root/indikar1/shared_data/geneformer/datasets/pellin.dataset
/scratch/indikar_root/indikar1/shared_data/geneformer/anndata/TS_Blood.h5ad
/scratch/indikar_root/indikar1/shared_data/geneformer/anndata/TS_Bone_Marrow.h5ad
/scratch/indikar_root/indikar1/shared_data/geneformer/anndata/TS_Fat.h5ad
/scratch/indikar_root/indikar1/shared_data/geneformer/anndata/TS_Vasculature.h5ad
/scratch/indikar_root/indikar1/shared_data/geneformer/datasets/TS_Blood.dataset
/scratch/indikar_root/indikar1/shared_data/geneformer/datasets/TS_Bone_Marrow.dataset
/scratch/indikar_root/indikar1/shared_data/geneformer/datasets/TS_Fat.dataset
/scratch/indikar_root/indikar1/shared_data/geneformer/datasets/TS_Vasculature.dataset
/scratch/indikar_root/indikar1/shared_data/geneformer/anndata/weng_young2_HSC.h5ad
/scratch/indikar_root/indikar1/shared_data/geneformer/anndata/weng_young1_all_t2.h5ad
/scratch/indikar_root/indikar1/shared_data/geneformer/anndata/weng_old2_BMMC_HSPC.h5ad
/scratch/indikar_root/indikar1/shared_data/geneformer/anndata/weng_young2_all.h5ad
/scratch/indikar_root/indikar1/shared_data/geneformer/anndata/weng_old1_BMMC_HSPC.h5ad
/scratch/indikar_root/indikar1/shared_data/geneformer/anndata/weng_young1_all_t1.h5ad
/scratch/indikar_root/indikar1/shared_data/geneformer/datasets/weng_young2_HSC.dataset
/scratch/indikar_root/indikar1/shared_data/geneformer/datasets/weng_young1_all_t2.dataset
/scratch/indikar_root/indikar1/shared_data/geneformer/datasets/weng_old2_BMMC_HSPC.dataset
/scratch/indikar_root/indikar1/shared_data/geneformer/datasets/weng_young2_all.dataset
/scratch/indikar_root/indikar1/shared_data/geneformer/datasets/weng_old1_BMMC_HSPC.dataset
/scratch/indikar_root/indikar1/shared_data/geneformer/datasets/weng_young1_all_t1.dataset
/scratch/indikar_root/indikar1/shared_data/geneformer/cell_embeddings/iHSC.h5ad
/scratch/indikar_root/indikar1/shared_data/geneformer/cell_embeddings/pellin.h5ad
/scratch/indikar_root/indikar1/shared_data/geneformer/cell_embeddings/TS_Blood.h5ad
/scratch/indikar_root/indikar1/shared_data/geneformer/cell_embeddings/TS_Bone_Marrow.h5ad
/scratch/indikar_root/indikar1/shared_data/geneformer/cell_embeddings/TS_Fat.h5ad
/scratch/indikar_root/indikar1/shared_data/geneformer/cell_embeddings/TS_Vasculature.h5ad
/scratch/indikar_root/indikar1/shared_data/geneformer/cell_embeddings/weng_old1_BMMC_HSPC.h5ad
/scratch/indikar_root/indikar1/shared_data/geneformer/cell_embeddings/weng_old2_BMMC_HSPC.h5ad
/scratch/indikar_root/indikar1/shared_data/geneformer/cell_embeddings/weng_young1_all_t1.h5ad
/scratch/indikar_root/indikar1/shared_data/geneformer/cell_embeddings/weng_young1_all_t2.h5ad
/scratch/indikar_root/indikar1/shared_data/geneformer/cell_embeddings/weng_young2_all.h5ad
/scratch/indikar_root/indikar1/shared_data/geneformer/cell_embeddings/weng_young2_HSC.h5ad
/nfs/turbo/umms-indikar/shared/projects/HSC/data/pellin_2019/pellin.anndata.h5ad
/nfs/turbo/umms-indikar/shared/projects/geneformer/token_dictionary.pkl
/nfs/turbo/umms-indikar/shared/projects/geneformer/geneformer/gene_name_id_dict.pkl
/nfs/turbo/umms-indikar/shared/projects/geneformer/geneformer/gene_median_dictionary.pkl
/nfs/turbo/umms-indikar/shared/projects/geneformer/token_mappings.csv
/scratch/indikar_root/indikar1/shared_data/geneformer/anndata/iHSC.h5ad
/scratch/indikar_root/indikar1/cstansbu/HSC/scanpy/clustered.anndata.h5ad
/scratch/indikar_root/indikar1/shared_data/geneformer/anndata/pellin.h5ad
/nfs/turbo/umms-indikar/shared/projects/DGC/data/tabula_sapiens/extract/TS_Blood.h5ad
/scratch/indikar_root/indikar1/shared_data/geneformer/resources/gene_names.pkl
/nfs/turbo/umms-indikar/shared/projects/DGC/data/tabula_sapiens/extract/TS_Bone_Marrow.h5ad
/scratch/indikar_root/indikar1/shared_data/geneformer/resources/gene_names.pkl
/nfs/turbo/umms-indikar/shared/projects/DGC/data/tabula_sapiens/extract/TS_Fat.h5ad
/scratch/indikar_root/indikar1/shared_data/geneformer/resources/gene_names.pkl
/nfs/turbo/umms-indikar/shared/projects/DGC/data/tabula_sapiens/extract/TS_Vasculature.h5ad
/scratch/indikar_root/indikar1/shared_data/geneformer/resources/gene_names.pkl
/scratch/indikar_root/indikar1/shared_data/geneformer/anndata/TS_Blood.h5ad
/scratch/indikar_root/indikar1/shared_data/geneformer/anndata/TS_Bone_Marrow.h5ad
/scratch/indikar_root/indikar1/shared_data/geneformer/anndata/TS_Fat.h5ad
/scratch/indikar_root/indikar1/shared_data/geneformer/anndata/TS_Vasculature.h5ad
/nfs/turbo/umms-indikar/shared/projects/HSC/data/weng_2024/scanpy_objects/young2_HSC.h5ad
/nfs/turbo/umms-indikar/shared/projects/HSC/data/weng_2024/scanpy_objects/young1_all_t2.h5ad
/nfs/turbo/umms-indikar/shared/projects/HSC/data/weng_2024/scanpy_objects/old2_BMMC_HSPC.h5ad
/nfs/turbo/umms-indikar/shared/projects/HSC/data/weng_2024/scanpy_objects/young2_all.h5ad
/nfs/turbo/umms-indikar/shared/projects/HSC/data/weng_2024/scanpy_objects/old1_BMMC_HSPC.h5ad
/nfs/turbo/umms-indikar/shared/projects/HSC/data/weng_2024/scanpy_objects/young1_all_t1.h5ad
/scratch/indikar_root/indikar1/shared_data/geneformer/anndata/weng_young2_HSC.h5ad
/scratch/indikar_root/indikar1/shared_data/geneformer/anndata/weng_young1_all_t2.h5ad
/scratch/indikar_root/indikar1/shared_data/geneformer/anndata/weng_old2_BMMC_HSPC.h5ad
/scratch/indikar_root/indikar1/shared_data/geneformer/anndata/weng_young2_all.h5ad
/scratch/indikar_root/indikar1/shared_data/geneformer/anndata/weng_old1_BMMC_HSPC.h5ad
/scratch/indikar_root/indikar1/shared_data/geneformer/anndata/weng_young1_all_t1.h5ad
/scratch/indikar_root/indikar1/shared_data/geneformer/datasets/iHSC.dataset
/nfs/turbo/umms-indikar/shared/projects/geneformer/geneformer-12L-30M
/scratch/indikar_root/indikar1/shared_data/geneformer/datasets/pellin.dataset
/nfs/turbo/umms-indikar/shared/projects/geneformer/geneformer-12L-30M
/scratch/indikar_root/indikar1/shared_data/geneformer/datasets/TS_Blood.dataset
/nfs/turbo/umms-indikar/shared/projects/geneformer/geneformer-12L-30M
/scratch/indikar_root/indikar1/shared_data/geneformer/datasets/TS_Bone_Marrow.dataset
/nfs/turbo/umms-indikar/shared/projects/geneformer/geneformer-12L-30M
/scratch/indikar_root/indikar1/shared_data/geneformer/datasets/TS_Fat.dataset
/nfs/turbo/umms-indikar/shared/projects/geneformer/geneformer-12L-30M
/scratch/indikar_root/indikar1/shared_data/geneformer/datasets/TS_Vasculature.dataset
/nfs/turbo/umms-indikar/shared/projects/geneformer/geneformer-12L-30M
/scratch/indikar_root/indikar1/shared_data/geneformer/datasets/weng_old1_BMMC_HSPC.dataset
/nfs/turbo/umms-indikar/shared/projects/geneformer/geneformer-12L-30M
/scratch/indikar_root/indikar1/shared_data/geneformer/datasets/weng_old2_BMMC_HSPC.dataset
/nfs/turbo/umms-indikar/shared/projects/geneformer/geneformer-12L-30M
/scratch/indikar_root/indikar1/shared_data/geneformer/datasets/weng_young1_all_t1.dataset
/nfs/turbo/umms-indikar/shared/projects/geneformer/geneformer-12L-30M
/scratch/indikar_root/indikar1/shared_data/geneformer/datasets/weng_young1_all_t2.dataset
/nfs/turbo/umms-indikar/shared/projects/geneformer/geneformer-12L-30M
/scratch/indikar_root/indikar1/shared_data/geneformer/datasets/weng_young2_all.dataset
/nfs/turbo/umms-indikar/shared/projects/geneformer/geneformer-12L-30M
/scratch/indikar_root/indikar1/shared_data/geneformer/datasets/weng_young2_HSC.dataset
/nfs/turbo/umms-indikar/shared/projects/geneformer/geneformer-12L-30M
