/scratch/indikar_root/indikar1/shared_data/geneformer/cell_embeddings/TS_Bone_Marrow.h5ad
/scratch/indikar_root/indikar1/shared_data/geneformer/cell_embeddings/weng_old2_BMMC_HSPC.h5ad
/scratch/indikar_root/indikar1/shared_data/geneformer/cell_embeddings/iHSC.h5ad
/scratch/indikar_root/indikar1/shared_data/geneformer/cell_embeddings/weng_young2_HSC.h5ad
/scratch/indikar_root/indikar1/shared_data/geneformer/cell_embeddings/TS_Fat.h5ad
/scratch/indikar_root/indikar1/shared_data/geneformer/cell_embeddings/weng_young1_all_t1.h5ad
/scratch/indikar_root/indikar1/shared_data/geneformer/cell_embeddings/pellin.h5ad
/scratch/indikar_root/indikar1/shared_data/geneformer/cell_embeddings/TS_Vasculature.h5ad
/scratch/indikar_root/indikar1/shared_data/geneformer/cell_embeddings/weng_old1_BMMC_HSPC.h5ad
/scratch/indikar_root/indikar1/shared_data/geneformer/cell_embeddings/weng_young1_all_t2.h5ad
/scratch/indikar_root/indikar1/shared_data/geneformer/cell_embeddings/TS_Blood.h5ad
/scratch/indikar_root/indikar1/shared_data/geneformer/cell_embeddings/weng_young2_all.h5ad
